<?xml version="1.0" encoding="utf-8"?>
<Project ToolsVersion="4.0" xmlns="http://schemas.microsoft.com/developer/msbuild/2003">
  <ItemGroup>
    <ClCompile Include="main.cpp" />
    <ClCompile Include="..\libyb\async\serial_port.cpp">
      <Filter>libyb\async</Filter>
    </ClCompile>
    <ClCompile Include="..\libyb\async\stream.cpp">
      <Filter>libyb\async</Filter>
    </ClCompile>
    <ClCompile Include="..\libyb\async\timer.cpp">
      <Filter>libyb\async</Filter>
    </ClCompile>
    <ClCompile Include="..\libyb\descriptor.cpp">
      <Filter>libyb</Filter>
    </ClCompile>
    <ClCompile Include="..\libyb\stream_parser.cpp">
      <Filter>libyb</Filter>
    </ClCompile>
    <ClCompile Include="..\libyb\async\stream_device.cpp">
      <Filter>libyb\async</Filter>
    </ClCompile>
    <ClCompile Include="..\libyb\async\device.cpp">
      <Filter>libyb\async</Filter>
    </ClCompile>
    <ClCompile Include="..\libyb\async\detail\parallel_composition_task.cpp">
      <Filter>libyb\async\detail</Filter>
    </ClCompile>
    <ClCompile Include="..\libyb\async\detail\task_impl.cpp">
      <Filter>libyb\async\detail</Filter>
    </ClCompile>
    <ClCompile Include="..\libyb\async\detail\win32_wait_context.cpp">
      <Filter>libyb\async\detail</Filter>
    </ClCompile>
    <ClCompile Include="..\libyb\async\descriptor_reader.cpp">
      <Filter>libyb\async</Filter>
    </ClCompile>
    <ClCompile Include="..\libyb\async\mock_stream.cpp">
      <Filter>libyb\async</Filter>
    </ClCompile>
    <ClCompile Include="shupito_flash.cpp" />
    <ClCompile Include="test.cpp">
      <Filter>libtest</Filter>
    </ClCompile>
    <ClCompile Include="memmock.cpp">
      <Filter>libtest</Filter>
    </ClCompile>
    <ClCompile Include="..\libyb\tunnel.cpp">
      <Filter>libyb</Filter>
    </ClCompile>
    <ClCompile Include="..\libyb\usb\usb_device.cpp">
      <Filter>libyb\usb</Filter>
    </ClCompile>
    <ClCompile Include="..\libyb\usb\bulk_stream.cpp">
      <Filter>libyb\usb</Filter>
    </ClCompile>
    <ClCompile Include="..\libyb\usb\interface_guard.cpp">
      <Filter>libyb\usb</Filter>
    </ClCompile>
    <ClCompile Include="..\libyb\async\null_stream.cpp">
      <Filter>libyb\async</Filter>
    </ClCompile>
    <ClCompile Include="..\libyb\shupito\escape_sequence.cpp">
      <Filter>libyb\shupito</Filter>
    </ClCompile>
    <ClCompile Include="..\libyb\async\cancellation_token.cpp">
      <Filter>libyb\async</Filter>
    </ClCompile>
    <ClCompile Include="..\libyb\utils\utf.cpp">
      <Filter>libyb\utils</Filter>
    </ClCompile>
    <ClCompile Include="..\libyb\shupito\flip2.cpp">
      <Filter>libyb\shupito</Filter>
    </ClCompile>
    <ClCompile Include="..\libyb\utils\ihex_file.cpp">
      <Filter>libyb\utils</Filter>
    </ClCompile>
    <ClCompile Include="..\libyb\utils\sparse_buffer.cpp">
      <Filter>libyb\utils</Filter>
    </ClCompile>
  </ItemGroup>
  <ItemGroup>
    <ClInclude Include="..\libyb\async\task.hpp">
      <Filter>libyb\async</Filter>
    </ClInclude>
    <ClInclude Include="..\libyb\async\task_base.hpp">
      <Filter>libyb\async</Filter>
    </ClInclude>
    <ClInclude Include="..\libyb\async\task_result.hpp">
      <Filter>libyb\async</Filter>
    </ClInclude>
    <ClInclude Include="..\libyb\async\detail\parallel_composition_task.hpp">
      <Filter>libyb\async\detail</Filter>
    </ClInclude>
    <ClInclude Include="..\libyb\async\detail\sequential_composition_task.hpp">
      <Filter>libyb\async\detail</Filter>
    </ClInclude>
    <ClInclude Include="..\libyb\async\detail\task_fwd.hpp">
      <Filter>libyb\async\detail</Filter>
    </ClInclude>
    <ClInclude Include="..\libyb\async\detail\task_impl.hpp">
      <Filter>libyb\async\detail</Filter>
    </ClInclude>
    <ClInclude Include="..\libyb\async\detail\task_result.hpp">
      <Filter>libyb\async\detail</Filter>
    </ClInclude>
    <ClInclude Include="..\libyb\async\detail\value_task.hpp">
      <Filter>libyb\async\detail</Filter>
    </ClInclude>
    <ClInclude Include="..\libyb\async\detail\win32_handle_task.hpp">
      <Filter>libyb\async\detail</Filter>
    </ClInclude>
    <ClInclude Include="..\libyb\async\sync_runner.hpp">
      <Filter>libyb\async</Filter>
    </ClInclude>
    <ClInclude Include="..\libyb\async\detail\win32_wait_context.hpp">
      <Filter>libyb\async\detail</Filter>
    </ClInclude>
    <ClInclude Include="..\libyb\async\stream.hpp">
      <Filter>libyb\async</Filter>
    </ClInclude>
    <ClInclude Include="..\libyb\async\serial_port.hpp">
      <Filter>libyb\async</Filter>
    </ClInclude>
    <ClInclude Include="..\libyb\async\timer.hpp">
      <Filter>libyb\async</Filter>
    </ClInclude>
    <ClInclude Include="..\libyb\descriptor.hpp">
      <Filter>libyb</Filter>
    </ClInclude>
    <ClInclude Include="..\libyb\packet.hpp">
      <Filter>libyb</Filter>
    </ClInclude>
    <ClInclude Include="..\libyb\tunnel.hpp">
      <Filter>libyb</Filter>
    </ClInclude>
    <ClInclude Include="..\libyb\vector_ref.hpp">
      <Filter>libyb</Filter>
    </ClInclude>
    <ClInclude Include="..\libyb\stream_parser.hpp">
      <Filter>libyb</Filter>
    </ClInclude>
    <ClInclude Include="..\libyb\async\device.hpp">
      <Filter>libyb\async</Filter>
    </ClInclude>
    <ClInclude Include="..\libyb\async\stream_device.hpp">
      <Filter>libyb\async</Filter>
    </ClInclude>
    <ClInclude Include="..\libyb\async\signal.hpp">
      <Filter>libyb\async</Filter>
    </ClInclude>
    <ClInclude Include="..\libyb\packet_handler.hpp">
      <Filter>libyb</Filter>
    </ClInclude>
    <ClInclude Include="..\libyb\async\detail\loop_task.hpp">
      <Filter>libyb\async\detail</Filter>
    </ClInclude>
    <ClInclude Include="..\libyb\async\detail\canceller_task.hpp">
      <Filter>libyb\async\detail</Filter>
    </ClInclude>
    <ClInclude Include="..\libyb\async\detail\wait_context.hpp">
      <Filter>libyb\async\detail</Filter>
    </ClInclude>
    <ClInclude Include="..\libyb\async\channel.hpp">
      <Filter>libyb\async</Filter>
    </ClInclude>
    <ClInclude Include="..\libyb\async\descriptor_reader.hpp">
      <Filter>libyb\async</Filter>
    </ClInclude>
    <ClInclude Include="..\libyb\utils\noncopyable.hpp">
      <Filter>libyb\utils</Filter>
    </ClInclude>
    <ClInclude Include="..\libyb\async\mock_stream.hpp">
      <Filter>libyb\async</Filter>
    </ClInclude>
    <ClInclude Include="..\libyb\async\promise.hpp">
      <Filter>libyb\async</Filter>
    </ClInclude>
    <ClInclude Include="test.h">
      <Filter>libtest</Filter>
    </ClInclude>
    <ClInclude Include="memmock.h">
      <Filter>libtest</Filter>
    </ClInclude>
    <ClInclude Include="..\libyb\async\cancel_level.hpp">
      <Filter>libyb\async</Filter>
    </ClInclude>
    <ClInclude Include="..\libyb\async\detail\cancel_level_upgrade_task.hpp">
      <Filter>libyb\async\detail</Filter>
    </ClInclude>
    <ClInclude Include="..\libyb\usb\detail\libusb0_win32_intf.h">
      <Filter>libyb\usb\detail</Filter>
    </ClInclude>
    <ClInclude Include="..\libyb\usb\usb.h">
      <Filter>libyb\usb</Filter>
    </ClInclude>
    <ClInclude Include="..\libyb\usb\bulk_stream.hpp">
      <Filter>libyb\usb</Filter>
    </ClInclude>
    <ClInclude Include="..\libyb\usb\interface_guard.hpp">
      <Filter>libyb\usb</Filter>
    </ClInclude>
    <ClInclude Include="..\libyb\async\null_stream.hpp">
      <Filter>libyb\async</Filter>
    </ClInclude>
    <ClInclude Include="..\libyb\async\cancel_exception.hpp">
      <Filter>libyb\async</Filter>
    </ClInclude>
    <ClInclude Include="..\libyb\shupito\escape_sequence.hpp">
      <Filter>libyb\shupito</Filter>
    </ClInclude>
    <ClInclude Include="..\libyb\async\detail\promise_task.hpp">
      <Filter>libyb\async\detail</Filter>
    </ClInclude>
    <ClInclude Include="..\libyb\async\detail\cancellation_token_task.hpp">
      <Filter>libyb\async\detail</Filter>
    </ClInclude>
    <ClInclude Include="..\libyb\async\cancellation_token.hpp">
      <Filter>libyb\async</Filter>
    </ClInclude>
    <ClInclude Include="..\libyb\utils\signal.hpp">
      <Filter>libyb\utils</Filter>
    </ClInclude>
    <ClInclude Include="..\libyb\utils\utf.hpp">
      <Filter>libyb\utils</Filter>
    </ClInclude>
    <ClInclude Include="..\libyb\shupito\flip2.hpp">
      <Filter>libyb\shupito</Filter>
    </ClInclude>
    <ClInclude Include="..\libyb\utils\sparse_buffer.hpp">
      <Filter>libyb\utils</Filter>
    </ClInclude>
    <ClInclude Include="..\libyb\utils\ihex_file.hpp">
      <Filter>libyb\utils</Filter>
    </ClInclude>
  </ItemGroup>
  <ItemGroup>
    <Filter Include="libyb">
      <UniqueIdentifier>{47d0c650-d8e8-4bd3-a6e5-94e0b1215153}</UniqueIdentifier>
    </Filter>
    <Filter Include="libyb\async">
      <UniqueIdentifier>{5c2dab80-1495-4879-9981-952305eef37c}</UniqueIdentifier>
    </Filter>
    <Filter Include="libyb\async\detail">
      <UniqueIdentifier>{58c17c9d-5d1e-4578-939c-18b49dcfbd82}</UniqueIdentifier>
    </Filter>
    <Filter Include="libyb\utils">
      <UniqueIdentifier>{6196bca1-6e9a-4837-acec-357c10b12ddf}</UniqueIdentifier>
    </Filter>
    <Filter Include="libtest">
      <UniqueIdentifier>{78f3e669-6ed4-46da-ba64-47c2893dd406}</UniqueIdentifier>
    </Filter>
    <Filter Include="libyb\usb">
      <UniqueIdentifier>{f9d9852e-bce1-46ad-8801-b3cfcc305eca}</UniqueIdentifier>
    </Filter>
    <Filter Include="libyb\usb\detail">
      <UniqueIdentifier>{b1911b25-fa42-46c9-9f52-f7f87ed232e6}</UniqueIdentifier>
    </Filter>
    <Filter Include="libyb\shupito">
      <UniqueIdentifier>{cef38e0a-058e-4830-bc12-b9ede2b153ce}</UniqueIdentifier>
    </Filter>
  </ItemGroup>
</Project>