<?xml version="1.0" encoding="utf-8"?>
<Project ToolsVersion="4.0" xmlns="http://schemas.microsoft.com/developer/msbuild/2003">
  <ItemGroup>
    <Filter Include="async">
      <UniqueIdentifier>{9ec4550a-55e7-4f94-b834-311f0e2e4008}</UniqueIdentifier>
    </Filter>
    <Filter Include="async\detail">
      <UniqueIdentifier>{e6aad8a9-7d1f-49b6-a132-78dbb10abdcd}</UniqueIdentifier>
    </Filter>
    <Filter Include="net">
      <UniqueIdentifier>{736c2c8f-67b2-4499-8cc3-9fc398143d54}</UniqueIdentifier>
    </Filter>
    <Filter Include="net\detail">
      <UniqueIdentifier>{9c113ab4-9b63-4f75-b749-27045c495ce0}</UniqueIdentifier>
    </Filter>
    <Filter Include="usb">
      <UniqueIdentifier>{4d74411f-36b9-40da-9d15-73f845a40e1d}</UniqueIdentifier>
    </Filter>
    <Filter Include="usb\detail">
      <UniqueIdentifier>{e1526a76-1c7e-4910-b71f-e6a55e8adf17}</UniqueIdentifier>
    </Filter>
    <Filter Include="utils">
      <UniqueIdentifier>{8ca428ae-ee4a-4f52-8655-8963bcfacf8e}</UniqueIdentifier>
    </Filter>
    <Filter Include="utils\details">
      <UniqueIdentifier>{03da01ce-650f-4465-97ff-97985a0a99ad}</UniqueIdentifier>
    </Filter>
  </ItemGroup>
  <ItemGroup>
    <ClCompile Include="libyb\async\channel.cpp">
      <Filter>async</Filter>
    </ClCompile>
    <ClCompile Include="libyb\async\descriptor_reader.cpp">
      <Filter>async</Filter>
    </ClCompile>
    <ClCompile Include="libyb\async\device.cpp">
      <Filter>async</Filter>
    </ClCompile>
    <ClCompile Include="libyb\async\null_stream.cpp">
      <Filter>async</Filter>
    </ClCompile>
    <ClCompile Include="libyb\async\stream.cpp">
      <Filter>async</Filter>
    </ClCompile>
    <ClCompile Include="libyb\async\stream_device.cpp">
      <Filter>async</Filter>
    </ClCompile>
    <ClCompile Include="libyb\async\timer.cpp">
      <Filter>async</Filter>
    </ClCompile>
    <ClCompile Include="libyb\async\detail\console_stream.cpp">
      <Filter>async\detail</Filter>
    </ClCompile>
    <ClCompile Include="libyb\async\detail\exit_guard_task.cpp">
      <Filter>async\detail</Filter>
    </ClCompile>
    <ClCompile Include="libyb\async\detail\notification_event.cpp">
      <Filter>async\detail</Filter>
    </ClCompile>
    <ClCompile Include="libyb\async\detail\parallel_composition_task.cpp">
      <Filter>async\detail</Filter>
    </ClCompile>
    <ClCompile Include="libyb\async\detail\parallel_compositor.cpp">
      <Filter>async\detail</Filter>
    </ClCompile>
    <ClCompile Include="libyb\async\detail\runner.cpp">
      <Filter>async\detail</Filter>
    </ClCompile>
    <ClCompile Include="libyb\async\detail\semaphore.cpp">
      <Filter>async\detail</Filter>
    </ClCompile>
    <ClCompile Include="libyb\async\detail\task_impl.cpp">
      <Filter>async\detail</Filter>
    </ClCompile>
    <ClCompile Include="libyb\async\detail\win32_affinity_task.cpp">
      <Filter>async\detail</Filter>
    </ClCompile>
    <ClCompile Include="libyb\async\detail\win32_async_runner.cpp">
      <Filter>async\detail</Filter>
    </ClCompile>
    <ClCompile Include="libyb\async\detail\win32_console_stream.cpp">
      <Filter>async\detail</Filter>
    </ClCompile>
    <ClCompile Include="libyb\async\detail\win32_file.cpp">
      <Filter>async\detail</Filter>
    </ClCompile>
    <ClCompile Include="libyb\async\detail\win32_group.cpp">
      <Filter>async\detail</Filter>
    </ClCompile>
    <ClCompile Include="libyb\async\detail\win32_handle_task.cpp">
      <Filter>async\detail</Filter>
    </ClCompile>
    <ClCompile Include="libyb\async\detail\win32_prepared_task.cpp">
      <Filter>async\detail</Filter>
    </ClCompile>
    <ClCompile Include="libyb\async\detail\win32_resumable.cpp">
      <Filter>async\detail</Filter>
    </ClCompile>
    <ClCompile Include="libyb\async\detail\win32_serial_port.cpp">
      <Filter>async\detail</Filter>
    </ClCompile>
    <ClCompile Include="libyb\async\detail\win32_sync_runner.cpp">
      <Filter>async\detail</Filter>
    </ClCompile>
    <ClCompile Include="libyb\async\detail\win32_timer.cpp">
      <Filter>async\detail</Filter>
    </ClCompile>
    <ClCompile Include="libyb\async\detail\win32_wait_context.cpp">
      <Filter>async\detail</Filter>
    </ClCompile>
    <ClCompile Include="libyb\net\http.cpp">
      <Filter>net</Filter>
    </ClCompile>
    <ClCompile Include="libyb\net\http_server.cpp">
      <Filter>net</Filter>
    </ClCompile>
    <ClCompile Include="libyb\net\detail\http_request_parser.cpp">
      <Filter>net\detail</Filter>
    </ClCompile>
    <ClCompile Include="libyb\net\detail\win32_net.cpp">
      <Filter>net\detail</Filter>
    </ClCompile>
    <ClCompile Include="libyb\usb\bulk_stream.cpp">
      <Filter>usb</Filter>
    </ClCompile>
    <ClCompile Include="libyb\usb\interface_guard.cpp">
      <Filter>usb</Filter>
    </ClCompile>
    <ClCompile Include="libyb\usb\usb_descriptors.cpp">
      <Filter>usb</Filter>
    </ClCompile>
    <ClCompile Include="libyb\usb\usb_device.cpp">
      <Filter>usb</Filter>
    </ClCompile>
    <ClCompile Include="libyb\usb\detail\usb_request_context.cpp">
      <Filter>usb\detail</Filter>
    </ClCompile>
    <ClCompile Include="libyb\usb\detail\win32_usb_context.cpp">
      <Filter>usb\detail</Filter>
    </ClCompile>
    <ClCompile Include="libyb\usb\detail\win32_usb_device.cpp">
      <Filter>usb\detail</Filter>
    </ClCompile>
    <ClCompile Include="libyb\utils\ihex_file.cpp">
      <Filter>utils</Filter>
    </ClCompile>
    <ClCompile Include="libyb\utils\sparse_buffer.cpp">
      <Filter>utils</Filter>
    </ClCompile>
    <ClCompile Include="libyb\utils\svf_file.cpp">
      <Filter>utils</Filter>
    </ClCompile>
    <ClCompile Include="libyb\utils\utf.cpp">
      <Filter>utils</Filter>
    </ClCompile>
    <ClCompile Include="libyb\utils\detail\win32_file_operation.cpp">
      <Filter>utils\details</Filter>
    </ClCompile>
    <ClCompile Include="libyb\utils\detail\win32_mutex.cpp">
      <Filter>utils\details</Filter>
    </ClCompile>
    <ClCompile Include="libyb\utils\detail\win32_overlapped.cpp">
      <Filter>utils\details</Filter>
    </ClCompile>
    <ClCompile Include="libyb\buffer.cpp" />
    <ClCompile Include="libyb\descriptor.cpp" />
    <ClCompile Include="libyb\stream_parser.cpp" />
    <ClCompile Include="libyb\tunnel.cpp" />
    <ClCompile Include="libyb\utils\detail\win32_singleton.cpp">
      <Filter>utils\details</Filter>
    </ClCompile>
    <ClCompile Include="libyb\utils\detail\win32_atomic.cpp">
      <Filter>utils\details</Filter>
    </ClCompile>
    <ClCompile Include="libyb\utils\detail\refcount.cpp">
      <Filter>utils\details</Filter>
    </ClCompile>
  </ItemGroup>
  <ItemGroup>
    <ClInclude Include="libyb\async\async_runner.hpp">
      <Filter>async</Filter>
    </ClInclude>
    <ClInclude Include="libyb\async\cancel_exception.hpp">
      <Filter>async</Filter>
    </ClInclude>
    <ClInclude Include="libyb\async\cancel_level.hpp">
      <Filter>async</Filter>
    </ClInclude>
    <ClInclude Include="libyb\async\channel.hpp">
      <Filter>async</Filter>
    </ClInclude>
    <ClInclude Include="libyb\async\console_stream.hpp">
      <Filter>async</Filter>
    </ClInclude>
    <ClInclude Include="libyb\async\descriptor_reader.hpp">
      <Filter>async</Filter>
    </ClInclude>
    <ClInclude Include="libyb\async\device.hpp">
      <Filter>async</Filter>
    </ClInclude>
    <ClInclude Include="libyb\async\double_buffer.hpp">
      <Filter>async</Filter>
    </ClInclude>
    <ClInclude Include="libyb\async\file.hpp">
      <Filter>async</Filter>
    </ClInclude>
    <ClInclude Include="libyb\async\group.hpp">
      <Filter>async</Filter>
    </ClInclude>
    <ClInclude Include="libyb\async\null_stream.hpp">
      <Filter>async</Filter>
    </ClInclude>
    <ClInclude Include="libyb\async\resumable.hpp">
      <Filter>async</Filter>
    </ClInclude>
    <ClInclude Include="libyb\async\runner.hpp">
      <Filter>async</Filter>
    </ClInclude>
    <ClInclude Include="libyb\async\serial_port.hpp">
      <Filter>async</Filter>
    </ClInclude>
    <ClInclude Include="libyb\async\stream.hpp">
      <Filter>async</Filter>
    </ClInclude>
    <ClInclude Include="libyb\async\stream_device.hpp">
      <Filter>async</Filter>
    </ClInclude>
    <ClInclude Include="libyb\async\sync_runner.hpp">
      <Filter>async</Filter>
    </ClInclude>
    <ClInclude Include="libyb\async\task.hpp">
      <Filter>async</Filter>
    </ClInclude>
    <ClInclude Include="libyb\async\task_base.hpp">
      <Filter>async</Filter>
    </ClInclude>
    <ClInclude Include="libyb\async\timer.hpp">
      <Filter>async</Filter>
    </ClInclude>
    <ClInclude Include="libyb\async\detail\canceller_task.hpp">
      <Filter>async\detail</Filter>
    </ClInclude>
    <ClInclude Include="libyb\async\detail\cancel_level_upgrade_task.hpp">
      <Filter>async\detail</Filter>
    </ClInclude>
    <ClInclude Include="libyb\async\detail\channel_detail.hpp">
      <Filter>async\detail</Filter>
    </ClInclude>
    <ClInclude Include="libyb\async\detail\circular_buffer.hpp">
      <Filter>async\detail</Filter>
    </ClInclude>
    <ClInclude Include="libyb\async\detail\double_buffer_task.hpp">
      <Filter>async\detail</Filter>
    </ClInclude>
    <ClInclude Include="libyb\async\detail\exit_guard_task.hpp">
      <Filter>async\detail</Filter>
    </ClInclude>
    <ClInclude Include="libyb\async\detail\loop_task.hpp">
      <Filter>async\detail</Filter>
    </ClInclude>
    <ClInclude Include="libyb\async\detail\notification_event.hpp">
      <Filter>async\detail</Filter>
    </ClInclude>
    <ClInclude Include="libyb\async\detail\parallel_composition_task.hpp">
      <Filter>async\detail</Filter>
    </ClInclude>
    <ClInclude Include="libyb\async\detail\parallel_compositor.hpp">
      <Filter>async\detail</Filter>
    </ClInclude>
    <ClInclude Include="libyb\async\detail\parallel_compositor_impl.hpp">
      <Filter>async\detail</Filter>
    </ClInclude>
    <ClInclude Include="libyb\async\detail\prepared_task.hpp">
      <Filter>async\detail</Filter>
    </ClInclude>
    <ClInclude Include="libyb\async\detail\prepared_task_impl.hpp">
      <Filter>async\detail</Filter>
    </ClInclude>
    <ClInclude Include="libyb\async\detail\runner_impl.hpp">
      <Filter>async\detail</Filter>
    </ClInclude>
    <ClInclude Include="libyb\async\detail\semaphore.hpp">
      <Filter>async\detail</Filter>
    </ClInclude>
    <ClInclude Include="libyb\async\detail\sequential_composition_task.hpp">
      <Filter>async\detail</Filter>
    </ClInclude>
    <ClInclude Include="libyb\async\detail\task_fwd.hpp">
      <Filter>async\detail</Filter>
    </ClInclude>
    <ClInclude Include="libyb\async\detail\task_impl.hpp">
      <Filter>async\detail</Filter>
    </ClInclude>
    <ClInclude Include="libyb\async\detail\task_result.hpp">
      <Filter>async\detail</Filter>
    </ClInclude>
    <ClInclude Include="libyb\async\detail\wait_context.hpp">
      <Filter>async\detail</Filter>
    </ClInclude>
    <ClInclude Include="libyb\async\detail\win32_affinity_task.hpp">
      <Filter>async\detail</Filter>
    </ClInclude>
    <ClInclude Include="libyb\async\detail\win32_handle_task.hpp">
      <Filter>async\detail</Filter>
    </ClInclude>
    <ClInclude Include="libyb\async\detail\win32_wait_context.hpp">
      <Filter>async\detail</Filter>
    </ClInclude>
    <ClInclude Include="libyb\net\http.hpp">
      <Filter>net</Filter>
    </ClInclude>
    <ClInclude Include="libyb\net\http_server.hpp">
      <Filter>net</Filter>
    </ClInclude>
    <ClInclude Include="libyb\net\net.hpp">
      <Filter>net</Filter>
    </ClInclude>
    <ClInclude Include="libyb\net\detail\http_request_parser.hpp">
      <Filter>net\detail</Filter>
    </ClInclude>
    <ClInclude Include="libyb\usb\bulk_stream.hpp">
      <Filter>usb</Filter>
    </ClInclude>
    <ClInclude Include="libyb\usb\interface_guard.hpp">
      <Filter>usb</Filter>
    </ClInclude>
    <ClInclude Include="libyb\usb\usb_context.hpp">
      <Filter>usb</Filter>
    </ClInclude>
    <ClInclude Include="libyb\usb\usb_descriptors.hpp">
      <Filter>usb</Filter>
    </ClInclude>
    <ClInclude Include="libyb\usb\usb_device.hpp">
      <Filter>usb</Filter>
    </ClInclude>
    <ClInclude Include="libyb\usb\detail\libusb0_win32_intf.h">
      <Filter>usb\detail</Filter>
    </ClInclude>
    <ClInclude Include="libyb\usb\detail\usb_device_core_fwd.hpp">
      <Filter>usb\detail</Filter>
    </ClInclude>
    <ClInclude Include="libyb\usb\detail\usb_request_context.hpp">
      <Filter>usb\detail</Filter>
    </ClInclude>
    <ClInclude Include="libyb\usb\detail\win32_usb_device_core.hpp">
      <Filter>usb\detail</Filter>
    </ClInclude>
    <ClInclude Include="libyb\utils\except.hpp">
      <Filter>utils</Filter>
    </ClInclude>
    <ClInclude Include="libyb\utils\ihex_file.hpp">
      <Filter>utils</Filter>
    </ClInclude>
    <ClInclude Include="libyb\utils\lexcast.hpp">
      <Filter>utils</Filter>
    </ClInclude>
    <ClInclude Include="libyb\utils\noncopyable.hpp">
      <Filter>utils</Filter>
    </ClInclude>
    <ClInclude Include="libyb\utils\refcount.hpp">
      <Filter>utils</Filter>
    </ClInclude>
    <ClInclude Include="libyb\utils\signal.hpp">
      <Filter>utils</Filter>
    </ClInclude>
    <ClInclude Include="libyb\utils\sparse_buffer.hpp">
      <Filter>utils</Filter>
    </ClInclude>
    <ClInclude Include="libyb\utils\svf_file.hpp">
      <Filter>utils</Filter>
    </ClInclude>
    <ClInclude Include="libyb\utils\tuple_less.hpp">
      <Filter>utils</Filter>
    </ClInclude>
    <ClInclude Include="libyb\utils\utf.hpp">
      <Filter>utils</Filter>
    </ClInclude>
    <ClInclude Include="libyb\utils\detail\lexcast_impl.hpp">
      <Filter>utils\details</Filter>
    </ClInclude>
    <ClInclude Include="libyb\utils\detail\scoped_win32_handle.hpp">
      <Filter>utils\details</Filter>
    </ClInclude>
    <ClInclude Include="libyb\utils\detail\win32_file_operation.hpp">
      <Filter>utils\details</Filter>
    </ClInclude>
    <ClInclude Include="libyb\utils\detail\win32_mutex.hpp">
      <Filter>utils\details</Filter>
    </ClInclude>
    <ClInclude Include="libyb\utils\detail\win32_overlapped.hpp">
      <Filter>utils\details</Filter>
    </ClInclude>
    <ClInclude Include="libyb\utils\detail\win32_system_error.hpp">
      <Filter>utils\details</Filter>
    </ClInclude>
    <ClInclude Include="libyb\buffer.hpp" />
    <ClInclude Include="libyb\descriptor.hpp" />
    <ClInclude Include="libyb\mutable_vector_ref.hpp" />
    <ClInclude Include="libyb\packet.hpp" />
    <ClInclude Include="libyb\packet_handler.hpp" />
    <ClInclude Include="libyb\stream_parser.hpp" />
    <ClInclude Include="libyb\tunnel.hpp" />
    <ClInclude Include="libyb\vector_ref.hpp" />
    <ClInclude Include="libyb\utils\singleton.hpp">
      <Filter>utils</Filter>
    </ClInclude>
    <ClInclude Include="libyb\utils\atomic.hpp">
      <Filter>utils</Filter>
    </ClInclude>
    <ClInclude Include="libyb\async\detail\win32_runner_registry.hpp">
      <Filter>async\detail</Filter>
    </ClInclude>
  </ItemGroup>
</Project>